// !$*UTF8*$!
{
	archiveVersion = 1;
	classes = {
	};
	objectVersion = 46;
	objects = {

/* Begin PBXBuildFile section */
		496B35E41C244E710058A683 /* DateTools.m in Sources */ = {isa = PBXBuildFile; fileRef = 496B35E31C244E710058A683 /* DateTools.m */; };
		496B35E71C2454550058A683 /* CellDateModel.m in Sources */ = {isa = PBXBuildFile; fileRef = 496B35E61C2454550058A683 /* CellDateModel.m */; };
		497C1B721C243975001F4D71 /* DateView.m in Sources */ = {isa = PBXBuildFile; fileRef = 497C1B711C243975001F4D71 /* DateView.m */; };
		497C1B751C243C02001F4D71 /* DateModel.m in Sources */ = {isa = PBXBuildFile; fileRef = 497C1B741C243C02001F4D71 /* DateModel.m */; };
		498C26B31C1FE3BA00710612 /* main.m in Sources */ = {isa = PBXBuildFile; fileRef = 498C26B21C1FE3BA00710612 /* main.m */; };
		498C26B61C1FE3BA00710612 /* AppDelegate.m in Sources */ = {isa = PBXBuildFile; fileRef = 498C26B51C1FE3BA00710612 /* AppDelegate.m */; };
		498C26B91C1FE3BA00710612 /* ViewController.m in Sources */ = {isa = PBXBuildFile; fileRef = 498C26B81C1FE3BA00710612 /* ViewController.m */; };
		498C26BC1C1FE3BA00710612 /* Main.storyboard in Resources */ = {isa = PBXBuildFile; fileRef = 498C26BA1C1FE3BA00710612 /* Main.storyboard */; };
		498C26BE1C1FE3BA00710612 /* Assets.xcassets in Resources */ = {isa = PBXBuildFile; fileRef = 498C26BD1C1FE3BA00710612 /* Assets.xcassets */; };
		498C26C11C1FE3BA00710612 /* LaunchScreen.storyboard in Resources */ = {isa = PBXBuildFile; fileRef = 498C26BF1C1FE3BA00710612 /* LaunchScreen.storyboard */; };
		498C26CC1C1FE3BB00710612 /* CalendarTests.m in Sources */ = {isa = PBXBuildFile; fileRef = 498C26CB1C1FE3BB00710612 /* CalendarTests.m */; };
		498C26D71C1FE3BB00710612 /* CalendarUITests.m in Sources */ = {isa = PBXBuildFile; fileRef = 498C26D61C1FE3BB00710612 /* CalendarUITests.m */; };
		498C26E61C2003AB00710612 /* WKBoundlessScrollView.m in Sources */ = {isa = PBXBuildFile; fileRef = 498C26E51C2003AB00710612 /* WKBoundlessScrollView.m */; };
		49A1E31B1C24424A00FFAA2B /* incomming_receive_image.png in Resources */ = {isa = PBXBuildFile; fileRef = 49A1E31A1C24424A00FFAA2B /* incomming_receive_image.png */; };
		49A8B3691C23E72800DC81A4 /* TipView.m in Sources */ = {isa = PBXBuildFile; fileRef = 49A8B3681C23E72800DC81A4 /* TipView.m */; };
		49EE3AC21C210CCB00B7F2FC /* WKBoundlessScrollViewCell.m in Sources */ = {isa = PBXBuildFile; fileRef = 49EE3AC11C210CCB00B7F2FC /* WKBoundlessScrollViewCell.m */; };
/* End PBXBuildFile section */

/* Begin PBXContainerItemProxy section */
		498C26C81C1FE3BB00710612 /* PBXContainerItemProxy */ = {
			isa = PBXContainerItemProxy;
			containerPortal = 498C26A61C1FE3BA00710612 /* Project object */;
			proxyType = 1;
			remoteGlobalIDString = 498C26AD1C1FE3BA00710612;
			remoteInfo = Calendar;
		};
		498C26D31C1FE3BB00710612 /* PBXContainerItemProxy */ = {
			isa = PBXContainerItemProxy;
			containerPortal = 498C26A61C1FE3BA00710612 /* Project object */;
			proxyType = 1;
			remoteGlobalIDString = 498C26AD1C1FE3BA00710612;
			remoteInfo = Calendar;
		};
/* End PBXContainerItemProxy section */

/* Begin PBXFileReference section */
		496B35E21C244E710058A683 /* DateTools.h */ = {isa = PBXFileReference; fileEncoding = 4; lastKnownFileType = sourcecode.c.h; path = DateTools.h; sourceTree = "<group>"; };
		496B35E31C244E710058A683 /* DateTools.m */ = {isa = PBXFileReference; fileEncoding = 4; lastKnownFileType = sourcecode.c.objc; path = DateTools.m; sourceTree = "<group>"; };
		496B35E51C2454550058A683 /* CellDateModel.h */ = {isa = PBXFileReference; fileEncoding = 4; lastKnownFileType = sourcecode.c.h; path = CellDateModel.h; sourceTree = "<group>"; };
		496B35E61C2454550058A683 /* CellDateModel.m */ = {isa = PBXFileReference; fileEncoding = 4; lastKnownFileType = sourcecode.c.objc; path = CellDateModel.m; sourceTree = "<group>"; };
		497C1B701C243975001F4D71 /* DateView.h */ = {isa = PBXFileReference; fileEncoding = 4; lastKnownFileType = sourcecode.c.h; path = DateView.h; sourceTree = "<group>"; };
		497C1B711C243975001F4D71 /* DateView.m */ = {isa = PBXFileReference; fileEncoding = 4; lastKnownFileType = sourcecode.c.objc; path = DateView.m; sourceTree = "<group>"; };
		497C1B731C243C02001F4D71 /* DateModel.h */ = {isa = PBXFileReference; fileEncoding = 4; lastKnownFileType = sourcecode.c.h; path = DateModel.h; sourceTree = "<group>"; };
		497C1B741C243C02001F4D71 /* DateModel.m */ = {isa = PBXFileReference; fileEncoding = 4; lastKnownFileType = sourcecode.c.objc; path = DateModel.m; sourceTree = "<group>"; };
		498C26AE1C1FE3BA00710612 /* Calendar.app */ = {isa = PBXFileReference; explicitFileType = wrapper.application; includeInIndex = 0; path = Calendar.app; sourceTree = BUILT_PRODUCTS_DIR; };
		498C26B21C1FE3BA00710612 /* main.m */ = {isa = PBXFileReference; lastKnownFileType = sourcecode.c.objc; path = main.m; sourceTree = "<group>"; };
		498C26B41C1FE3BA00710612 /* AppDelegate.h */ = {isa = PBXFileReference; lastKnownFileType = sourcecode.c.h; path = AppDelegate.h; sourceTree = "<group>"; };
		498C26B51C1FE3BA00710612 /* AppDelegate.m */ = {isa = PBXFileReference; lastKnownFileType = sourcecode.c.objc; path = AppDelegate.m; sourceTree = "<group>"; };
		498C26B71C1FE3BA00710612 /* ViewController.h */ = {isa = PBXFileReference; lastKnownFileType = sourcecode.c.h; path = ViewController.h; sourceTree = "<group>"; };
		498C26B81C1FE3BA00710612 /* ViewController.m */ = {isa = PBXFileReference; lastKnownFileType = sourcecode.c.objc; path = ViewController.m; sourceTree = "<group>"; };
		498C26BB1C1FE3BA00710612 /* Base */ = {isa = PBXFileReference; lastKnownFileType = file.storyboard; name = Base; path = Base.lproj/Main.storyboard; sourceTree = "<group>"; };
		498C26BD1C1FE3BA00710612 /* Assets.xcassets */ = {isa = PBXFileReference; lastKnownFileType = folder.assetcatalog; path = Assets.xcassets; sourceTree = "<group>"; };
		498C26C01C1FE3BA00710612 /* Base */ = {isa = PBXFileReference; lastKnownFileType = file.storyboard; name = Base; path = Base.lproj/LaunchScreen.storyboard; sourceTree = "<group>"; };
		498C26C21C1FE3BA00710612 /* Info.plist */ = {isa = PBXFileReference; lastKnownFileType = text.plist.xml; path = Info.plist; sourceTree = "<group>"; };
		498C26C71C1FE3BB00710612 /* CalendarTests.xctest */ = {isa = PBXFileReference; explicitFileType = wrapper.cfbundle; includeInIndex = 0; path = CalendarTests.xctest; sourceTree = BUILT_PRODUCTS_DIR; };
		498C26CB1C1FE3BB00710612 /* CalendarTests.m */ = {isa = PBXFileReference; lastKnownFileType = sourcecode.c.objc; path = CalendarTests.m; sourceTree = "<group>"; };
		498C26CD1C1FE3BB00710612 /* Info.plist */ = {isa = PBXFileReference; lastKnownFileType = text.plist.xml; path = Info.plist; sourceTree = "<group>"; };
		498C26D21C1FE3BB00710612 /* CalendarUITests.xctest */ = {isa = PBXFileReference; explicitFileType = wrapper.cfbundle; includeInIndex = 0; path = CalendarUITests.xctest; sourceTree = BUILT_PRODUCTS_DIR; };
		498C26D61C1FE3BB00710612 /* CalendarUITests.m */ = {isa = PBXFileReference; lastKnownFileType = sourcecode.c.objc; path = CalendarUITests.m; sourceTree = "<group>"; };
		498C26D81C1FE3BB00710612 /* Info.plist */ = {isa = PBXFileReference; lastKnownFileType = text.plist.xml; path = Info.plist; sourceTree = "<group>"; };
		498C26E41C2003AA00710612 /* WKBoundlessScrollView.h */ = {isa = PBXFileReference; fileEncoding = 4; lastKnownFileType = sourcecode.c.h; path = WKBoundlessScrollView.h; sourceTree = "<group>"; };
		498C26E51C2003AB00710612 /* WKBoundlessScrollView.m */ = {isa = PBXFileReference; fileEncoding = 4; lastKnownFileType = sourcecode.c.objc; path = WKBoundlessScrollView.m; sourceTree = "<group>"; };
		49A1E31A1C24424A00FFAA2B /* incomming_receive_image.png */ = {isa = PBXFileReference; lastKnownFileType = image.png; path = incomming_receive_image.png; sourceTree = "<group>"; };
		49A8B3671C23E72800DC81A4 /* TipView.h */ = {isa = PBXFileReference; fileEncoding = 4; lastKnownFileType = sourcecode.c.h; path = TipView.h; sourceTree = "<group>"; };
		49A8B3681C23E72800DC81A4 /* TipView.m */ = {isa = PBXFileReference; fileEncoding = 4; lastKnownFileType = sourcecode.c.objc; path = TipView.m; sourceTree = "<group>"; };
		49EE3AC01C210CCB00B7F2FC /* WKBoundlessScrollViewCell.h */ = {isa = PBXFileReference; fileEncoding = 4; lastKnownFileType = sourcecode.c.h; path = WKBoundlessScrollViewCell.h; sourceTree = "<group>"; };
		49EE3AC11C210CCB00B7F2FC /* WKBoundlessScrollViewCell.m */ = {isa = PBXFileReference; fileEncoding = 4; lastKnownFileType = sourcecode.c.objc; path = WKBoundlessScrollViewCell.m; sourceTree = "<group>"; };
/* End PBXFileReference section */

/* Begin PBXFrameworksBuildPhase section */
		498C26AB1C1FE3BA00710612 /* Frameworks */ = {
			isa = PBXFrameworksBuildPhase;
			buildActionMask = 2147483647;
			files = (
			);
			runOnlyForDeploymentPostprocessing = 0;
		};
		498C26C41C1FE3BB00710612 /* Frameworks */ = {
			isa = PBXFrameworksBuildPhase;
			buildActionMask = 2147483647;
			files = (
			);
			runOnlyForDeploymentPostprocessing = 0;
		};
		498C26CF1C1FE3BB00710612 /* Frameworks */ = {
			isa = PBXFrameworksBuildPhase;
			buildActionMask = 2147483647;
			files = (
			);
			runOnlyForDeploymentPostprocessing = 0;
		};
/* End PBXFrameworksBuildPhase section */

/* Begin PBXGroup section */
		498C26A51C1FE3BA00710612 = {
			isa = PBXGroup;
			children = (
				498C26B01C1FE3BA00710612 /* Calendar */,
				498C26CA1C1FE3BB00710612 /* CalendarTests */,
				498C26D51C1FE3BB00710612 /* CalendarUITests */,
				498C26AF1C1FE3BA00710612 /* Products */,
			);
			sourceTree = "<group>";
		};
		498C26AF1C1FE3BA00710612 /* Products */ = {
			isa = PBXGroup;
			children = (
				498C26AE1C1FE3BA00710612 /* Calendar.app */,
				498C26C71C1FE3BB00710612 /* CalendarTests.xctest */,
				498C26D21C1FE3BB00710612 /* CalendarUITests.xctest */,
			);
			name = Products;
			sourceTree = "<group>";
		};
		498C26B01C1FE3BA00710612 /* Calendar */ = {
			isa = PBXGroup;
			children = (
				498C26B41C1FE3BA00710612 /* AppDelegate.h */,
				498C26B51C1FE3BA00710612 /* AppDelegate.m */,
				49A8B3671C23E72800DC81A4 /* TipView.h */,
				49A8B3681C23E72800DC81A4 /* TipView.m */,
				49A1E31A1C24424A00FFAA2B /* incomming_receive_image.png */,
				497C1B701C243975001F4D71 /* DateView.h */,
				497C1B711C243975001F4D71 /* DateView.m */,
				496B35E21C244E710058A683 /* DateTools.h */,
				496B35E31C244E710058A683 /* DateTools.m */,
				497C1B731C243C02001F4D71 /* DateModel.h */,
				497C1B741C243C02001F4D71 /* DateModel.m */,
				496B35E51C2454550058A683 /* CellDateModel.h */,
				496B35E61C2454550058A683 /* CellDateModel.m */,
				498C26B71C1FE3BA00710612 /* ViewController.h */,
				498C26B81C1FE3BA00710612 /* ViewController.m */,
				498C26E41C2003AA00710612 /* WKBoundlessScrollView.h */,
				498C26E51C2003AB00710612 /* WKBoundlessScrollView.m */,
				49EE3AC01C210CCB00B7F2FC /* WKBoundlessScrollViewCell.h */,
				49EE3AC11C210CCB00B7F2FC /* WKBoundlessScrollViewCell.m */,
				498C26BA1C1FE3BA00710612 /* Main.storyboard */,
				498C26BD1C1FE3BA00710612 /* Assets.xcassets */,
				498C26BF1C1FE3BA00710612 /* LaunchScreen.storyboard */,
				498C26C21C1FE3BA00710612 /* Info.plist */,
				498C26B11C1FE3BA00710612 /* Supporting Files */,
			);
			path = Calendar;
			sourceTree = "<group>";
		};
		498C26B11C1FE3BA00710612 /* Supporting Files */ = {
			isa = PBXGroup;
			children = (
				498C26B21C1FE3BA00710612 /* main.m */,
			);
			name = "Supporting Files";
			sourceTree = "<group>";
		};
		498C26CA1C1FE3BB00710612 /* CalendarTests */ = {
			isa = PBXGroup;
			children = (
				498C26CB1C1FE3BB00710612 /* CalendarTests.m */,
				498C26CD1C1FE3BB00710612 /* Info.plist */,
			);
			path = CalendarTests;
			sourceTree = "<group>";
		};
		498C26D51C1FE3BB00710612 /* CalendarUITests */ = {
			isa = PBXGroup;
			children = (
				498C26D61C1FE3BB00710612 /* CalendarUITests.m */,
				498C26D81C1FE3BB00710612 /* Info.plist */,
			);
			path = CalendarUITests;
			sourceTree = "<group>";
		};
/* End PBXGroup section */

/* Begin PBXNativeTarget section */
		498C26AD1C1FE3BA00710612 /* Calendar */ = {
			isa = PBXNativeTarget;
			buildConfigurationList = 498C26DB1C1FE3BB00710612 /* Build configuration list for PBXNativeTarget "Calendar" */;
			buildPhases = (
				498C26AA1C1FE3BA00710612 /* Sources */,
				498C26AB1C1FE3BA00710612 /* Frameworks */,
				498C26AC1C1FE3BA00710612 /* Resources */,
			);
			buildRules = (
			);
			dependencies = (
			);
			name = Calendar;
			productName = Calendar;
			productReference = 498C26AE1C1FE3BA00710612 /* Calendar.app */;
			productType = "com.apple.product-type.application";
		};
		498C26C61C1FE3BB00710612 /* CalendarTests */ = {
			isa = PBXNativeTarget;
			buildConfigurationList = 498C26DE1C1FE3BB00710612 /* Build configuration list for PBXNativeTarget "CalendarTests" */;
			buildPhases = (
				498C26C31C1FE3BB00710612 /* Sources */,
				498C26C41C1FE3BB00710612 /* Frameworks */,
				498C26C51C1FE3BB00710612 /* Resources */,
			);
			buildRules = (
			);
			dependencies = (
				498C26C91C1FE3BB00710612 /* PBXTargetDependency */,
			);
			name = CalendarTests;
			productName = CalendarTests;
			productReference = 498C26C71C1FE3BB00710612 /* CalendarTests.xctest */;
			productType = "com.apple.product-type.bundle.unit-test";
		};
		498C26D11C1FE3BB00710612 /* CalendarUITests */ = {
			isa = PBXNativeTarget;
			buildConfigurationList = 498C26E11C1FE3BB00710612 /* Build configuration list for PBXNativeTarget "CalendarUITests" */;
			buildPhases = (
				498C26CE1C1FE3BB00710612 /* Sources */,
				498C26CF1C1FE3BB00710612 /* Frameworks */,
				498C26D01C1FE3BB00710612 /* Resources */,
			);
			buildRules = (
			);
			dependencies = (
				498C26D41C1FE3BB00710612 /* PBXTargetDependency */,
			);
			name = CalendarUITests;
			productName = CalendarUITests;
			productReference = 498C26D21C1FE3BB00710612 /* CalendarUITests.xctest */;
			productType = "com.apple.product-type.bundle.ui-testing";
		};
/* End PBXNativeTarget section */

/* Begin PBXProject section */
		498C26A61C1FE3BA00710612 /* Project object */ = {
			isa = PBXProject;
			attributes = {
				LastUpgradeCheck = 0720;
				ORGANIZATIONNAME = CWK;
				TargetAttributes = {
					498C26AD1C1FE3BA00710612 = {
						CreatedOnToolsVersion = 7.2;
						DevelopmentTeam = DVWS6N7Q6J;
					};
					498C26C61C1FE3BB00710612 = {
						CreatedOnToolsVersion = 7.2;
						TestTargetID = 498C26AD1C1FE3BA00710612;
					};
					498C26D11C1FE3BB00710612 = {
						CreatedOnToolsVersion = 7.2;
						TestTargetID = 498C26AD1C1FE3BA00710612;
					};
				};
			};
			buildConfigurationList = 498C26A91C1FE3BA00710612 /* Build configuration list for PBXProject "Calendar" */;
			compatibilityVersion = "Xcode 3.2";
			developmentRegion = English;
			hasScannedForEncodings = 0;
			knownRegions = (
				en,
				Base,
			);
			mainGroup = 498C26A51C1FE3BA00710612;
			productRefGroup = 498C26AF1C1FE3BA00710612 /* Products */;
			projectDirPath = "";
			projectRoot = "";
			targets = (
				498C26AD1C1FE3BA00710612 /* Calendar */,
				498C26C61C1FE3BB00710612 /* CalendarTests */,
				498C26D11C1FE3BB00710612 /* CalendarUITests */,
			);
		};
/* End PBXProject section */

/* Begin PBXResourcesBuildPhase section */
		498C26AC1C1FE3BA00710612 /* Resources */ = {
			isa = PBXResourcesBuildPhase;
			buildActionMask = 2147483647;
			files = (
				498C26C11C1FE3BA00710612 /* LaunchScreen.storyboard in Resources */,
				498C26BE1C1FE3BA00710612 /* Assets.xcassets in Resources */,
				498C26BC1C1FE3BA00710612 /* Main.storyboard in Resources */,
				49A1E31B1C24424A00FFAA2B /* incomming_receive_image.png in Resources */,
			);
			runOnlyForDeploymentPostprocessing = 0;
		};
		498C26C51C1FE3BB00710612 /* Resources */ = {
			isa = PBXResourcesBuildPhase;
			buildActionMask = 2147483647;
			files = (
			);
			runOnlyForDeploymentPostprocessing = 0;
		};
		498C26D01C1FE3BB00710612 /* Resources */ = {
			isa = PBXResourcesBuildPhase;
			buildActionMask = 2147483647;
			files = (
			);
			runOnlyForDeploymentPostprocessing = 0;
		};
/* End PBXResourcesBuildPhase section */

/* Begin PBXSourcesBuildPhase section */
		498C26AA1C1FE3BA00710612 /* Sources */ = {
			isa = PBXSourcesBuildPhase;
			buildActionMask = 2147483647;
			files = (
				49A8B3691C23E72800DC81A4 /* TipView.m in Sources */,
				498C26B91C1FE3BA00710612 /* ViewController.m in Sources */,
				498C26E61C2003AB00710612 /* WKBoundlessScrollView.m in Sources */,
				49EE3AC21C210CCB00B7F2FC /* WKBoundlessScrollViewCell.m in Sources */,
				496B35E41C244E710058A683 /* DateTools.m in Sources */,
				498C26B61C1FE3BA00710612 /* AppDelegate.m in Sources */,
				497C1B751C243C02001F4D71 /* DateModel.m in Sources */,
				496B35E71C2454550058A683 /* CellDateModel.m in Sources */,
				498C26B31C1FE3BA00710612 /* main.m in Sources */,
				497C1B721C243975001F4D71 /* DateView.m in Sources */,
			);
			runOnlyForDeploymentPostprocessing = 0;
		};
		498C26C31C1FE3BB00710612 /* Sources */ = {
			isa = PBXSourcesBuildPhase;
			buildActionMask = 2147483647;
			files = (
				498C26CC1C1FE3BB00710612 /* CalendarTests.m in Sources */,
			);
			runOnlyForDeploymentPostprocessing = 0;
		};
		498C26CE1C1FE3BB00710612 /* Sources */ = {
			isa = PBXSourcesBuildPhase;
			buildActionMask = 2147483647;
			files = (
				498C26D71C1FE3BB00710612 /* CalendarUITests.m in Sources */,
			);
			runOnlyForDeploymentPostprocessing = 0;
		};
/* End PBXSourcesBuildPhase section */

/* Begin PBXTargetDependency section */
		498C26C91C1FE3BB00710612 /* PBXTargetDependency */ = {
			isa = PBXTargetDependency;
			target = 498C26AD1C1FE3BA00710612 /* Calendar */;
			targetProxy = 498C26C81C1FE3BB00710612 /* PBXContainerItemProxy */;
		};
		498C26D41C1FE3BB00710612 /* PBXTargetDependency */ = {
			isa = PBXTargetDependency;
			target = 498C26AD1C1FE3BA00710612 /* Calendar */;
			targetProxy = 498C26D31C1FE3BB00710612 /* PBXContainerItemProxy */;
		};
/* End PBXTargetDependency section */

/* Begin PBXVariantGroup section */
		498C26BA1C1FE3BA00710612 /* Main.storyboard */ = {
			isa = PBXVariantGroup;
			children = (
				498C26BB1C1FE3BA00710612 /* Base */,
			);
			name = Main.storyboard;
			sourceTree = "<group>";
		};
		498C26BF1C1FE3BA00710612 /* LaunchScreen.storyboard */ = {
			isa = PBXVariantGroup;
			children = (
				498C26C01C1FE3BA00710612 /* Base */,
			);
			name = LaunchScreen.storyboard;
			sourceTree = "<group>";
		};
/* End PBXVariantGroup section */

/* Begin XCBuildConfiguration section */
		498C26D91C1FE3BB00710612 /* Debug */ = {
			isa = XCBuildConfiguration;
			buildSettings = {
				ALWAYS_SEARCH_USER_PATHS = NO;
				CLANG_CXX_LANGUAGE_STANDARD = "gnu++0x";
				CLANG_CXX_LIBRARY = "libc++";
				CLANG_ENABLE_MODULES = YES;
				CLANG_ENABLE_OBJC_ARC = YES;
				CLANG_WARN_BOOL_CONVERSION = YES;
				CLANG_WARN_CONSTANT_CONVERSION = YES;
				CLANG_WARN_DIRECT_OBJC_ISA_USAGE = YES_ERROR;
				CLANG_WARN_EMPTY_BODY = YES;
				CLANG_WARN_ENUM_CONVERSION = YES;
				CLANG_WARN_INT_CONVERSION = YES;
				CLANG_WARN_OBJC_ROOT_CLASS = YES_ERROR;
				CLANG_WARN_UNREACHABLE_CODE = YES;
				CLANG_WARN__DUPLICATE_METHOD_MATCH = YES;
				"CODE_SIGN_IDENTITY[sdk=iphoneos*]" = "iPhone Developer";
				COPY_PHASE_STRIP = NO;
				DEBUG_INFORMATION_FORMAT = dwarf;
				ENABLE_STRICT_OBJC_MSGSEND = YES;
				ENABLE_TESTABILITY = YES;
				GCC_C_LANGUAGE_STANDARD = gnu99;
				GCC_DYNAMIC_NO_PIC = NO;
				GCC_NO_COMMON_BLOCKS = YES;
				GCC_OPTIMIZATION_LEVEL = 0;
				GCC_PREPROCESSOR_DEFINITIONS = (
					"DEBUG=1",
					"$(inherited)",
				);
				GCC_WARN_64_TO_32_BIT_CONVERSION = YES;
				GCC_WARN_ABOUT_RETURN_TYPE = YES_ERROR;
				GCC_WARN_UNDECLARED_SELECTOR = YES;
				GCC_WARN_UNINITIALIZED_AUTOS = YES_AGGRESSIVE;
				GCC_WARN_UNUSED_FUNCTION = YES;
				GCC_WARN_UNUSED_VARIABLE = YES;
				IPHONEOS_DEPLOYMENT_TARGET = 9.2;
				MTL_ENABLE_DEBUG_INFO = YES;
				ONLY_ACTIVE_ARCH = YES;
				SDKROOT = iphoneos;
			};
			name = Debug;
		};
		498C26DA1C1FE3BB00710612 /* Release */ = {
			isa = XCBuildConfiguration;
			buildSettings = {
				ALWAYS_SEARCH_USER_PATHS = NO;
				CLANG_CXX_LANGUAGE_STANDARD = "gnu++0x";
				CLANG_CXX_LIBRARY = "libc++";
				CLANG_ENABLE_MODULES = YES;
				CLANG_ENABLE_OBJC_ARC = YES;
				CLANG_WARN_BOOL_CONVERSION = YES;
				CLANG_WARN_CONSTANT_CONVERSION = YES;
				CLANG_WARN_DIRECT_OBJC_ISA_USAGE = YES_ERROR;
				CLANG_WARN_EMPTY_BODY = YES;
				CLANG_WARN_ENUM_CONVERSION = YES;
				CLANG_WARN_INT_CONVERSION = YES;
				CLANG_WARN_OBJC_ROOT_CLASS = YES_ERROR;
				CLANG_WARN_UNREACHABLE_CODE = YES;
				CLANG_WARN__DUPLICATE_METHOD_MATCH = YES;
				"CODE_SIGN_IDENTITY[sdk=iphoneos*]" = "iPhone Developer";
				COPY_PHASE_STRIP = NO;
				DEBUG_INFORMATION_FORMAT = "dwarf-with-dsym";
				ENABLE_NS_ASSERTIONS = NO;
				ENABLE_STRICT_OBJC_MSGSEND = YES;
				GCC_C_LANGUAGE_STANDARD = gnu99;
				GCC_NO_COMMON_BLOCKS = YES;
				GCC_WARN_64_TO_32_BIT_CONVERSION = YES;
				GCC_WARN_ABOUT_RETURN_TYPE = YES_ERROR;
				GCC_WARN_UNDECLARED_SELECTOR = YES;
				GCC_WARN_UNINITIALIZED_AUTOS = YES_AGGRESSIVE;
				GCC_WARN_UNUSED_FUNCTION = YES;
				GCC_WARN_UNUSED_VARIABLE = YES;
				IPHONEOS_DEPLOYMENT_TARGET = 9.2;
				MTL_ENABLE_DEBUG_INFO = NO;
				SDKROOT = iphoneos;
				VALIDATE_PRODUCT = YES;
			};
			name = Release;
		};
		498C26DC1C1FE3BB00710612 /* Debug */ = {
			isa = XCBuildConfiguration;
			buildSettings = {
				ASSETCATALOG_COMPILER_APPICON_NAME = AppIcon;
				CODE_SIGN_IDENTITY = "iPhone Developer";
				"CODE_SIGN_IDENTITY[sdk=iphoneos*]" = "iPhone Developer";
				INFOPLIST_FILE = Calendar/Info.plist;
				LD_RUNPATH_SEARCH_PATHS = "$(inherited) @executable_path/Frameworks";
				PRODUCT_BUNDLE_IDENTIFIER = com.wkcao.Calendar;
				PRODUCT_NAME = "$(TARGET_NAME)";
				PROVISIONING_PROFILE = "";
			};
			name = Debug;
		};
		498C26DD1C1FE3BB00710612 /* Release */ = {
			isa = XCBuildConfiguration;
			buildSettings = {
				ASSETCATALOG_COMPILER_APPICON_NAME = AppIcon;
				CODE_SIGN_IDENTITY = "iPhone Developer";
				"CODE_SIGN_IDENTITY[sdk=iphoneos*]" = "iPhone Developer";
				INFOPLIST_FILE = Calendar/Info.plist;
				LD_RUNPATH_SEARCH_PATHS = "$(inherited) @executable_path/Frameworks";
				PRODUCT_BUNDLE_IDENTIFIER = com.wkcao.Calendar;
				PRODUCT_NAME = "$(TARGET_NAME)";
				PROVISIONING_PROFILE = "";
			};
			name = Release;
		};
		498C26DF1C1FE3BB00710612 /* Debug */ = {
			isa = XCBuildConfiguration;
			buildSettings = {
				BUNDLE_LOADER = "$(TEST_HOST)";
				INFOPLIST_FILE = CalendarTests/Info.plist;
				LD_RUNPATH_SEARCH_PATHS = "$(inherited) @executable_path/Frameworks @loader_path/Frameworks";
				PRODUCT_BUNDLE_IDENTIFIER = CWK.CalendarTests;
				PRODUCT_NAME = "$(TARGET_NAME)";
				TEST_HOST = "$(BUILT_PRODUCTS_DIR)/Calendar.app/Calendar";
			};
			name = Debug;
		};
		498C26E01C1FE3BB00710612 /* Release */ = {
			isa = XCBuildConfiguration;
			buildSettings = {
				BUNDLE_LOADER = "$(TEST_HOST)";
				INFOPLIST_FILE = CalendarTests/Info.plist;
				LD_RUNPATH_SEARCH_PATHS = "$(inherited) @executable_path/Frameworks @loader_path/Frameworks";
				PRODUCT_BUNDLE_IDENTIFIER = CWK.CalendarTests;
				PRODUCT_NAME = "$(TARGET_NAME)";
				TEST_HOST = "$(BUILT_PRODUCTS_DIR)/Calendar.app/Calendar";
			};
			name = Release;
		};
		498C26E21C1FE3BB00710612 /* Debug */ = {
			isa = XCBuildConfiguration;
			buildSettings = {
				INFOPLIST_FILE = CalendarUITests/Info.plist;
				LD_RUNPATH_SEARCH_PATHS = "$(inherited) @executable_path/Frameworks @loader_path/Frameworks";
				PRODUCT_BUNDLE_IDENTIFIER = CWK.CalendarUITests;
				PRODUCT_NAME = "$(TARGET_NAME)";
				TEST_TARGET_NAME = Calendar;
				USES_XCTRUNNER = YES;
			};
			name = Debug;
		};
		498C26E31C1FE3BB00710612 /* Release */ = {
			isa = XCBuildConfiguration;
			buildSettings = {
				INFOPLIST_FILE = CalendarUITests/Info.plist;
				LD_RUNPATH_SEARCH_PATHS = "$(inherited) @executable_path/Frameworks @loader_path/Frameworks";
				PRODUCT_BUNDLE_IDENTIFIER = CWK.CalendarUITests;
				PRODUCT_NAME = "$(TARGET_NAME)";
				TEST_TARGET_NAME = Calendar;
				USES_XCTRUNNER = YES;
			};
			name = Release;
		};
/* End XCBuildConfiguration section */

/* Begin XCConfigurationList section */
		498C26A91C1FE3BA00710612 /* Build configuration list for PBXProject "Calendar" */ = {
			isa = XCConfigurationList;
			buildConfigurations = (
				498C26D91C1FE3BB00710612 /* Debug */,
				498C26DA1C1FE3BB00710612 /* Release */,
			);
			defaultConfigurationIsVisible = 0;
			defaultConfigurationName = Release;
		};
		498C26DB1C1FE3BB00710612 /* Build configuration list for PBXNativeTarget "Calendar" */ = {
			isa = XCConfigurationList;
			buildConfigurations = (
				498C26DC1C1FE3BB00710612 /* Debug */,
				498C26DD1C1FE3BB00710612 /* Release */,
			);
			defaultConfigurationIsVisible = 0;
			defaultConfigurationName = Release;
		};
		498C26DE1C1FE3BB00710612 /* Build configuration list for PBXNativeTarget "CalendarTests" */ = {
			isa = XCConfigurationList;
			buildConfigurations = (
				498C26DF1C1FE3BB00710612 /* Debug */,
				498C26E01C1FE3BB00710612 /* Release */,
			);
			defaultConfigurationIsVisible = 0;
			defaultConfigurationName = Release;
		};
		498C26E11C1FE3BB00710612 /* Build configuration list for PBXNativeTarget "CalendarUITests" */ = {
			isa = XCConfigurationList;
			buildConfigurations = (
				498C26E21C1FE3BB00710612 /* Debug */,
				498C26E31C1FE3BB00710612 /* Release */,
			);
			defaultConfigurationIsVisible = 0;
			defaultConfigurationName = Release;
		};
/* End XCConfigurationList section */
	};
	rootObject = 498C26A61C1FE3BA00710612 /* Project object */;
}
